{
  "name": "smashandclash-tldraw",
  "version": "1.0.0",
  "lockfileVersion": 3,
  "requires": true,
  "packages": {
    "": {
      "name": "smashandclash-tldraw",
      "version": "1.0.0",
      "license": "MIT",
      "dependencies": {
        "@smashandclash/sdk": "^0.2.0"
      },
      "engines": {
        "node": ">=18"
      }
    },
    "node_modules/@smashandclash/sdk": {
      "version": "0.2.0",
      "resolved": "https://registry.npmjs.org/@smashandclash/sdk/-/sdk-0.2.0.tgz",
      "integrity": "sha512-s6a/QfHt9MXd509g5wDm9tYkUx28klCtM/tybfNvs6YE17132tmWN0N5TPMZDXcw5oXkjsjxV8ncWnpRdnke1w==",
      "license": "MIT",
      "engines": {
        "node": ">=18"
      }
    }
  }
}
