{
  "name": "smashandclash-tldraw",
  "version": "1.0.0",
  "lockfileVersion": 3,
  "requires": true,
  "packages": {
    "": {
      "name": "smashandclash-tldraw",
      "version": "1.0.0",
      "license": "MIT",
      "dependencies": {
        "@smashandclash/sdk": "^0.2.1"
      },
      "engines": {
        "node": ">=18"
      }
    },
    "node_modules/@smashandclash/sdk": {
      "version": "0.2.1",
      "resolved": "https://registry.npmjs.org/@smashandclash/sdk/-/sdk-0.2.1.tgz",
      "integrity": "sha512-HPHNu/fkOUsH0vgtPsHmkr2d0EIelq4RBQDlxKyTh743t+t0zQls9/CrN1C5lF9SmJ+QCxW5qVwnQhP3B3ttug==",
      "license": "MIT",
      "engines": {
        "node": ">=18"
      }
    }
  }
}
